{
  "name": "ia-motor-adaptativo",
  "lockfileVersion": 3,
  "requires": true,
  "packages": {
    "": {
      "name": "ia-motor-adaptativo",
      "dependencies": {
        "ripgrep-node": "^1.0.0"
      },
      "devDependencies": {
        "pnpm": "^9.15.0",
        "turbo": "^2.0.0"
      },
      "engines": {
        "node": ">=20",
        "pnpm": ">=9"
      }
    },
    "node_modules/@turbo/darwin-64": {
      "version": "2.9.5",
      "resolved": "https://registry.npmjs.org/@turbo/darwin-64/-/darwin-64-2.9.5.tgz",
      "integrity": "sha512-qPxhKsLMQP+9+dsmPgAGidi5uNifD4AoAOnEnljab3Qgn0QZRR31Hp+/CgW3Ia5AanWj6JuLLTBYvuQj4mqTWg==",
      "cpu": [
        "x64"
      ],
      "dev": true,
      "license": "MIT",
      "optional": true,
      "os": [
        "darwin"
      ]
    },
    "node_modules/@turbo/darwin-arm64": {
      "version": "2.9.5",
      "resolved": "https://registry.npmjs.org/@turbo/darwin-arm64/-/darwin-arm64-2.9.5.tgz",
      "integrity": "sha512-vkF/9F/l3aWd4bHxTui5Hh0F5xrTZ4e3rbBsc57zA6O8gNbmHN3B6eZ5psAIP2CnJRZ8ZxRjV3WZHeNXMXkPBw==",
      "cpu": [
        "arm64"
      ],
      "dev": true,
      "license": "MIT",
      "optional": true,
      "os": [
        "darwin"
      ]
    },
    "node_modules/@turbo/linux-64": {
      "version": "2.9.5",
      "resolved": "https://registry.npmjs.org/@turbo/linux-64/-/linux-64-2.9.5.tgz",
      "integrity": "sha512-z/Get5NUaUxm5HSGFqVMICDRjFNsCUhSc4wnFa/PP1QD0NXCjr7bu9a2EM6md/KMCBW0Qe393Ac+UM7/ryDDTw==",
      "cpu": [
        "x64"
      ],
      "dev": true,
      "license": "MIT",
      "optional": true,
      "os": [
        "linux"
      ]
    },
    "node_modules/@turbo/linux-arm64": {
      "version": "2.9.5",
      "resolved": "https://registry.npmjs.org/@turbo/linux-arm64/-/linux-arm64-2.9.5.tgz",
      "integrity": "sha512-jyBifaNoI5/NheyswomiZXJvjdAdvT7hDRYzQ4meP0DKGvpXUjnqsD+4/J2YSDQ34OHxFkL30FnSCUIVOh2PHw==",
      "cpu": [
        "arm64"
      ],
      "dev": true,
      "license": "MIT",
      "optional": true,
      "os": [
        "linux"
      ]
    },
    "node_modules/@turbo/windows-64": {
      "version": "2.9.5",
      "resolved": "https://registry.npmjs.org/@turbo/windows-64/-/windows-64-2.9.5.tgz",
      "integrity": "sha512-ph24K5uPtvo7UfuyDXnBiB/8XvrO+RQWbbw5zkA/bVNoy9HDiNoIJJj3s62MxT9tjEb6DnPje5PXSz1UR7QAyg==",
      "cpu": [
        "x64"
      ],
      "dev": true,
      "license": "MIT",
      "optional": true,
      "os": [
        "win32"
      ]
    },
    "node_modules/@turbo/windows-arm64": {
      "version": "2.9.5",
      "resolved": "https://registry.npmjs.org/@turbo/windows-arm64/-/windows-arm64-2.9.5.tgz",
      "integrity": "sha512-6c5RccT/+iR39SdT1G5HyZaD2n57W77o+l0TTfxG/cVlhV94Acyg2gTQW7zUOhW1BeQpBjHzu9x8yVBZwrHh7g==",
      "cpu": [
        "arm64"
      ],
      "dev": true,
      "license": "MIT",
      "optional": true,
      "os": [
        "win32"
      ]
    },
    "node_modules/pnpm": {
      "version": "9.15.9",
      "resolved": "https://registry.npmjs.org/pnpm/-/pnpm-9.15.9.tgz",
      "integrity": "sha512-aARhQYk8ZvrQHAeSMRKOmvuJ74fiaR1p5NQO7iKJiClf1GghgbrlW1hBjDolO95lpQXsfF+UA+zlzDzTfc8lMQ==",
      "dev": true,
      "license": "MIT",
      "bin": {
        "pnpm": "bin/pnpm.cjs",
        "pnpx": "bin/pnpx.cjs"
      },
      "engines": {
        "node": ">=18.12"
      },
      "funding": {
        "url": "https://opencollective.com/pnpm"
      }
    },
    "node_modules/ripgrep-node": {
      "version": "1.0.0",
      "resolved": "https://registry.npmjs.org/ripgrep-node/-/ripgrep-node-1.0.0.tgz",
      "integrity": "sha512-r/DBVFwrgHLpPvUZquwvRLE+UFLwB6NaeQVAetS3zOlUdyH3i20QBMzBMr7VU9702j0OxuJJ88WxRnAnjrD5DQ==",
      "license": "GPL-3.0-or-later"
    },
    "node_modules/turbo": {
      "version": "2.9.5",
      "resolved": "https://registry.npmjs.org/turbo/-/turbo-2.9.5.tgz",
      "integrity": "sha512-JXNkRe6H6MjSlk5UQRTjyoKX5YN2zlc2632xcSlSFBao5yvbMWTpv9SNolOZlZmUlcDOHuszPLItbKrvcXnnZA==",
      "dev": true,
      "license": "MIT",
      "bin": {
        "turbo": "bin/turbo"
      },
      "optionalDependencies": {
        "@turbo/darwin-64": "2.9.5",
        "@turbo/darwin-arm64": "2.9.5",
        "@turbo/linux-64": "2.9.5",
        "@turbo/linux-arm64": "2.9.5",
        "@turbo/windows-64": "2.9.5",
        "@turbo/windows-arm64": "2.9.5"
      }
    }
  }
}
